
Microsoft Visual Studio Solution File, Format Version 12.00
# Visual Studio Version 17
VisualStudioVersion = 17.5.33516.290
MinimumVisualStudioVersion = 10.0.40219.1
Project("{FAE04EC0-301F-11D3-BF4B-00C04F79EFBC}") = "ChatGP", "ChatGP\ChatGP.csproj", "{A52172B3-BEF9-484E-8750-64DBFF1FBBCB}"
EndProject
Global
	GlobalSection(SolutionConfigurationPlatforms) = preSolution
		Debug|Any CPU = Debug|Any CPU
		Release|Any CPU = Release|Any CPU
	EndGlobalSection
	GlobalSection(ProjectConfigurationPlatforms) = postSolution
		{A52172B3-BEF9-484E-8750-64DBFF1FBBCB}.Debug|Any CPU.ActiveCfg = Debug|Any CPU
		{A52172B3-BEF9-484E-8750-64DBFF1FBBCB}.Debug|Any CPU.Build.0 = Debug|Any CPU
		{A52172B3-BEF9-484E-8750-64DBFF1FBBCB}.Release|Any CPU.ActiveCfg = Release|Any CPU
		{A52172B3-BEF9-484E-8750-64DBFF1FBBCB}.Release|Any CPU.Build.0 = Release|Any CPU
	EndGlobalSection
	GlobalSection(SolutionProperties) = preSolution
		HideSolutionNode = FALSE
	EndGlobalSection
	GlobalSection(ExtensibilityGlobals) = postSolution
		SolutionGuid = {3D509A01-802A-4D31-8530-76E1975EB81A}
	EndGlobalSection
EndGlobal
